
Microsoft Visual Studio Solution File, Format Version 12.00
# Visual Studio Version 17
VisualStudioVersion = 17.2.32505.173
MinimumVisualStudioVersion = 10.0.40219.1
Project("{FAE04EC0-301F-11D3-BF4B-00C04F79EFBC}") = "FirstVisualStudioFolder", "FirstVisualStudioFolder\FirstVisualStudioFolder.csproj", "{C0A402C3-DEDC-486A-A7E3-238C15A6BF68}"
EndProject
Global
	GlobalSection(SolutionConfigurationPlatforms) = preSolution
		Debug|Any CPU = Debug|Any CPU
		Release|Any CPU = Release|Any CPU
	EndGlobalSection
	GlobalSection(ProjectConfigurationPlatforms) = postSolution
		{C0A402C3-DEDC-486A-A7E3-238C15A6BF68}.Debug|Any CPU.ActiveCfg = Debug|Any CPU
		{C0A402C3-DEDC-486A-A7E3-238C15A6BF68}.Debug|Any CPU.Build.0 = Debug|Any CPU
		{C0A402C3-DEDC-486A-A7E3-238C15A6BF68}.Release|Any CPU.ActiveCfg = Release|Any CPU
		{C0A402C3-DEDC-486A-A7E3-238C15A6BF68}.Release|Any CPU.Build.0 = Release|Any CPU
	EndGlobalSection
	GlobalSection(SolutionProperties) = preSolution
		HideSolutionNode = FALSE
	EndGlobalSection
	GlobalSection(ExtensibilityGlobals) = postSolution
		SolutionGuid = {81EC76DC-1C1B-4BBA-AE89-826BE1C95CFF}
	EndGlobalSection
EndGlobal
